{
  "name": "@scriptum/scriptum",
  "version": "1.0.0",
  "lockfileVersion": 1,
  "requires": true,
  "dependencies": {
    "comment-parser": {
      "version": "0.6.1",
      "resolved": "https://registry.npmjs.org/comment-parser/-/comment-parser-0.6.1.tgz",
      "integrity": "sha512-Putzd7Ilyvknmb1KxGf5el9uw0sPx9gEVnDrm8tlvXGN1i8Uaa2VBxB32hUhfzTlrEhhxNQ+pKq4ZNe8wNxjmw=="
    }
  }
}
